
Microsoft Visual Studio Solution File, Format Version 12.00
# Visual Studio Version 17
VisualStudioVersion = 17.0.31903.59
MinimumVisualStudioVersion = 10.0.40219.1
Project("{2150E333-8FDC-42A3-9474-1A3956D46DE8}") = "dotnet", "dotnet", "{71E6E750-85FD-B5BC-4321-E01377EC6231}"
EndProject
Project("{2150E333-8FDC-42A3-9474-1A3956D46DE8}") = "src", "src", "{D90AB541-7400-80B1-A0B4-F58D0D439F55}"
EndProject
Project("{2150E333-8FDC-42A3-9474-1A3956D46DE8}") = "Domain", "Domain", "{5348FFE3-A93E-E9E4-86A9-CABEE6A0F3AB}"
EndProject
Project("{FAE04EC0-301F-11D3-BF4B-00C04F79EFBC}") = "Nittei.Domain", "dotnet\src\Domain\Nittei.Domain.csproj", "{0BFB0538-8A22-44EB-BBAD-D81AA9CA8218}"
EndProject
Project("{2150E333-8FDC-42A3-9474-1A3956D46DE8}") = "Infrastructure", "Infrastructure", "{9E4D0DF6-6672-FF63-99AC-29DAEC07790C}"
EndProject
Project("{FAE04EC0-301F-11D3-BF4B-00C04F79EFBC}") = "Nittei.Infrastructure", "dotnet\src\Infrastructure\Nittei.Infrastructure.csproj", "{9AF5F980-E414-45C5-9E80-4AA14DDF0298}"
EndProject
Project("{2150E333-8FDC-42A3-9474-1A3956D46DE8}") = "Utils", "Utils", "{AF87A9F4-BF3B-89C0-BF60-BBE7141A0F6B}"
EndProject
Project("{FAE04EC0-301F-11D3-BF4B-00C04F79EFBC}") = "Nittei.Utils", "dotnet\src\Utils\Nittei.Utils.csproj", "{D6BA32E1-9E86-45BD-87A1-7AE14246CFCB}"
EndProject
Project("{2150E333-8FDC-42A3-9474-1A3956D46DE8}") = "Api", "Api", "{F0D4B536-149C-4DD1-D06F-9ECE42128791}"
EndProject
Project("{FAE04EC0-301F-11D3-BF4B-00C04F79EFBC}") = "Nittei.Api", "dotnet\src\Api\Nittei.Api.csproj", "{6B930733-BDC0-41E1-A53B-2CD23C03870A}"
EndProject
Global
	GlobalSection(SolutionConfigurationPlatforms) = preSolution
		Debug|Any CPU = Debug|Any CPU
		Debug|x64 = Debug|x64
		Debug|x86 = Debug|x86
		Release|Any CPU = Release|Any CPU
		Release|x64 = Release|x64
		Release|x86 = Release|x86
	EndGlobalSection
	GlobalSection(ProjectConfigurationPlatforms) = postSolution
		{0BFB0538-8A22-44EB-BBAD-D81AA9CA8218}.Debug|Any CPU.ActiveCfg = Debug|Any CPU
		{0BFB0538-8A22-44EB-BBAD-D81AA9CA8218}.Debug|Any CPU.Build.0 = Debug|Any CPU
		{0BFB0538-8A22-44EB-BBAD-D81AA9CA8218}.Debug|x64.ActiveCfg = Debug|Any CPU
		{0BFB0538-8A22-44EB-BBAD-D81AA9CA8218}.Debug|x64.Build.0 = Debug|Any CPU
		{0BFB0538-8A22-44EB-BBAD-D81AA9CA8218}.Debug|x86.ActiveCfg = Debug|Any CPU
		{0BFB0538-8A22-44EB-BBAD-D81AA9CA8218}.Debug|x86.Build.0 = Debug|Any CPU
		{0BFB0538-8A22-44EB-BBAD-D81AA9CA8218}.Release|Any CPU.ActiveCfg = Release|Any CPU
		{0BFB0538-8A22-44EB-BBAD-D81AA9CA8218}.Release|Any CPU.Build.0 = Release|Any CPU
		{0BFB0538-8A22-44EB-BBAD-D81AA9CA8218}.Release|x64.ActiveCfg = Release|Any CPU
		{0BFB0538-8A22-44EB-BBAD-D81AA9CA8218}.Release|x64.Build.0 = Release|Any CPU
		{0BFB0538-8A22-44EB-BBAD-D81AA9CA8218}.Release|x86.ActiveCfg = Release|Any CPU
		{0BFB0538-8A22-44EB-BBAD-D81AA9CA8218}.Release|x86.Build.0 = Release|Any CPU
		{9AF5F980-E414-45C5-9E80-4AA14DDF0298}.Debug|Any CPU.ActiveCfg = Debug|Any CPU
		{9AF5F980-E414-45C5-9E80-4AA14DDF0298}.Debug|Any CPU.Build.0 = Debug|Any CPU
		{9AF5F980-E414-45C5-9E80-4AA14DDF0298}.Debug|x64.ActiveCfg = Debug|Any CPU
		{9AF5F980-E414-45C5-9E80-4AA14DDF0298}.Debug|x64.Build.0 = Debug|Any CPU
		{9AF5F980-E414-45C5-9E80-4AA14DDF0298}.Debug|x86.ActiveCfg = Debug|Any CPU
		{9AF5F980-E414-45C5-9E80-4AA14DDF0298}.Debug|x86.Build.0 = Debug|Any CPU
		{9AF5F980-E414-45C5-9E80-4AA14DDF0298}.Release|Any CPU.ActiveCfg = Release|Any CPU
		{9AF5F980-E414-45C5-9E80-4AA14DDF0298}.Release|Any CPU.Build.0 = Release|Any CPU
		{9AF5F980-E414-45C5-9E80-4AA14DDF0298}.Release|x64.ActiveCfg = Release|Any CPU
		{9AF5F980-E414-45C5-9E80-4AA14DDF0298}.Release|x64.Build.0 = Release|Any CPU
		{9AF5F980-E414-45C5-9E80-4AA14DDF0298}.Release|x86.ActiveCfg = Release|Any CPU
		{9AF5F980-E414-45C5-9E80-4AA14DDF0298}.Release|x86.Build.0 = Release|Any CPU
		{D6BA32E1-9E86-45BD-87A1-7AE14246CFCB}.Debug|Any CPU.ActiveCfg = Debug|Any CPU
		{D6BA32E1-9E86-45BD-87A1-7AE14246CFCB}.Debug|Any CPU.Build.0 = Debug|Any CPU
		{D6BA32E1-9E86-45BD-87A1-7AE14246CFCB}.Debug|x64.ActiveCfg = Debug|Any CPU
		{D6BA32E1-9E86-45BD-87A1-7AE14246CFCB}.Debug|x64.Build.0 = Debug|Any CPU
		{D6BA32E1-9E86-45BD-87A1-7AE14246CFCB}.Debug|x86.ActiveCfg = Debug|Any CPU
		{D6BA32E1-9E86-45BD-87A1-7AE14246CFCB}.Debug|x86.Build.0 = Debug|Any CPU
		{D6BA32E1-9E86-45BD-87A1-7AE14246CFCB}.Release|Any CPU.ActiveCfg = Release|Any CPU
		{D6BA32E1-9E86-45BD-87A1-7AE14246CFCB}.Release|Any CPU.Build.0 = Release|Any CPU
		{D6BA32E1-9E86-45BD-87A1-7AE14246CFCB}.Release|x64.ActiveCfg = Release|Any CPU
		{D6BA32E1-9E86-45BD-87A1-7AE14246CFCB}.Release|x64.Build.0 = Release|Any CPU
		{D6BA32E1-9E86-45BD-87A1-7AE14246CFCB}.Release|x86.ActiveCfg = Release|Any CPU
		{D6BA32E1-9E86-45BD-87A1-7AE14246CFCB}.Release|x86.Build.0 = Release|Any CPU
		{6B930733-BDC0-41E1-A53B-2CD23C03870A}.Debug|Any CPU.ActiveCfg = Debug|Any CPU
		{6B930733-BDC0-41E1-A53B-2CD23C03870A}.Debug|Any CPU.Build.0 = Debug|Any CPU
		{6B930733-BDC0-41E1-A53B-2CD23C03870A}.Debug|x64.ActiveCfg = Debug|Any CPU
		{6B930733-BDC0-41E1-A53B-2CD23C03870A}.Debug|x64.Build.0 = Debug|Any CPU
		{6B930733-BDC0-41E1-A53B-2CD23C03870A}.Debug|x86.ActiveCfg = Debug|Any CPU
		{6B930733-BDC0-41E1-A53B-2CD23C03870A}.Debug|x86.Build.0 = Debug|Any CPU
		{6B930733-BDC0-41E1-A53B-2CD23C03870A}.Release|Any CPU.ActiveCfg = Release|Any CPU
		{6B930733-BDC0-41E1-A53B-2CD23C03870A}.Release|Any CPU.Build.0 = Release|Any CPU
		{6B930733-BDC0-41E1-A53B-2CD23C03870A}.Release|x64.ActiveCfg = Release|Any CPU
		{6B930733-BDC0-41E1-A53B-2CD23C03870A}.Release|x64.Build.0 = Release|Any CPU
		{6B930733-BDC0-41E1-A53B-2CD23C03870A}.Release|x86.ActiveCfg = Release|Any CPU
		{6B930733-BDC0-41E1-A53B-2CD23C03870A}.Release|x86.Build.0 = Release|Any CPU
	EndGlobalSection
	GlobalSection(SolutionProperties) = preSolution
		HideSolutionNode = FALSE
	EndGlobalSection
	GlobalSection(NestedProjects) = preSolution
		{D90AB541-7400-80B1-A0B4-F58D0D439F55} = {71E6E750-85FD-B5BC-4321-E01377EC6231}
		{5348FFE3-A93E-E9E4-86A9-CABEE6A0F3AB} = {D90AB541-7400-80B1-A0B4-F58D0D439F55}
		{0BFB0538-8A22-44EB-BBAD-D81AA9CA8218} = {5348FFE3-A93E-E9E4-86A9-CABEE6A0F3AB}
		{9E4D0DF6-6672-FF63-99AC-29DAEC07790C} = {D90AB541-7400-80B1-A0B4-F58D0D439F55}
		{9AF5F980-E414-45C5-9E80-4AA14DDF0298} = {9E4D0DF6-6672-FF63-99AC-29DAEC07790C}
		{AF87A9F4-BF3B-89C0-BF60-BBE7141A0F6B} = {D90AB541-7400-80B1-A0B4-F58D0D439F55}
		{D6BA32E1-9E86-45BD-87A1-7AE14246CFCB} = {AF87A9F4-BF3B-89C0-BF60-BBE7141A0F6B}
		{F0D4B536-149C-4DD1-D06F-9ECE42128791} = {D90AB541-7400-80B1-A0B4-F58D0D439F55}
		{6B930733-BDC0-41E1-A53B-2CD23C03870A} = {F0D4B536-149C-4DD1-D06F-9ECE42128791}
	EndGlobalSection
EndGlobal
